Microsoft Visual Studio Solution File, Format Version 12.00
# Visual Studio Version 16
VisualStudioVersion = 16.0.32126.315
MinimumVisualStudioVersion = 10.0.40219.1
Project("{FAE04EC0-301F-11D3-BF4B-00C04F79EFBC}") = "HomeServerSMART2013", "HomeServerSMART2013\HomeServerSMART2013.csproj", "{D2929585-3BCA-4F7B-BDBD-468D09D45E3E}"
	ProjectSection(ProjectDependencies) = postProject
		{5A2F6A04-592D-4FD1-AAF5-E22445F7AA41} = {5A2F6A04-592D-4FD1-AAF5-E22445F7AA41}
	EndProjectSection
EndProject
Project("{FAE04EC0-301F-11D3-BF4B-00C04F79EFBC}") = "HomeServerSMART2013.Service", "HomeServerSMART2013.Service\HomeServerSMART2013.Service.csproj", "{F5D826B5-A652-4C45-9FFD-E8446B9010DA}"
	ProjectSection(ProjectDependencies) = postProject
		{5A2F6A04-592D-4FD1-AAF5-E22445F7AA41} = {5A2F6A04-592D-4FD1-AAF5-E22445F7AA41}
	EndProjectSection
EndProject
Project("{FAE04EC0-301F-11D3-BF4B-00C04F79EFBC}") = "HomeServerSMART2013.Components", "HomeServerSMART2013.Components\HomeServerSMART2013.Components.csproj", "{5A2F6A04-592D-4FD1-AAF5-E22445F7AA41}"
EndProject
Project("{FAE04EC0-301F-11D3-BF4B-00C04F79EFBC}") = "WindowSMART", "WindowSMART\WindowSMART.csproj", "{A9DE8F50-B55F-419E-AF79-0DF3512CDDAF}"
EndProject
Project("{930C7802-8A8C-48F9-8165-68863BCCD9DD}") = "WindowSMARTInstallerX64", "WindowSMARTInstallerX64\WindowSMARTInstallerX64.wixproj", "{689CEE6D-D432-425C-B278-12D0279D0BDA}"
EndProject
Project("{930C7802-8A8C-48F9-8165-68863BCCD9DD}") = "WindowSMARTInstallerX86", "WindowSMARTInstallerX86\WindowSMARTInstallerX86.wixproj", "{689CEE6D-D432-425C-B278-12D0279D0BDB}"
EndProject
Project("{FAE04EC0-301F-11D3-BF4B-00C04F79EFBC}") = "WindowSMARTTray", "WindowSMARTTray\WindowSMARTTray.csproj", "{6DB615F2-F201-4963-9128-DD3CF551F725}"
EndProject
Project("{FAE04EC0-301F-11D3-BF4B-00C04F79EFBC}") = "WindowSMARTEnterpriseManagement", "WindowSMARTEnterpriseManagement\WindowSMARTEnterpriseManagement.csproj", "{FD1C57D0-9361-4240-90F2-B76E70DB3CBE}"
EndProject
Project("{FAE04EC0-301F-11D3-BF4B-00C04F79EFBC}") = "HomeServerSMART2013.Components.UI", "HomeServerSMART2013.Components.UI\HomeServerSMART2013.Components.UI.csproj", "{9E92E015-5BBD-4FEC-8D88-F4ED392E3065}"
EndProject
Project("{930C7802-8A8C-48F9-8165-68863BCCD9DD}") = "WindowSMARTLightweightInstallerX64", "WindowSMARTLightweightInstallerX64\WindowSMARTLightweightInstallerX64.wixproj", "{AFAA63AD-D563-45A2-8F0C-1A28073FA135}"
EndProject
Project("{930C7802-8A8C-48F9-8165-68863BCCD9DD}") = "WindowSMARTLightweightInstallerX86", "WindowSMARTLightweightInstallerX86\WindowSMARTLightweightInstallerX86.wixproj", "{FFCC6AB4-C32E-4A48-8674-2FC68141016D}"
EndProject
Project("{FAE04EC0-301F-11D3-BF4B-00C04F79EFBC}") = "PrototypeEventWireup", "PrototypeEventWireup\PrototypeEventWireup.csproj", "{2AA469D8-ECBC-462B-B6D4-00BDA0973378}"
EndProject
Project("{FAE04EC0-301F-11D3-BF4B-00C04F79EFBC}") = "WindowSMARTPowerShell", "WindowSMARTPowerShell\WindowSMARTPowerShell.csproj", "{D766FBC6-3742-4D23-9100-3B543796BFD5}"
EndProject
Project("{8BC9CEB8-8B4A-11D0-8D11-00A0C91BC942}") = "HomeServerSMART.Utility", "HomeServerSMART.Utility\HomeServerSMART.Utility.vcxproj", "{4E1A4BB3-64BD-4D54-83D5-0082F222CF23}"
EndProject
Global
	GlobalSection(SolutionConfigurationPlatforms) = preSolution
		Debug|Any CPU = Debug|Any CPU
		Debug|Mixed Platforms = Debug|Mixed Platforms
		Debug|Win32 = Debug|Win32
		Debug|x64 = Debug|x64
		Debug|x86 = Debug|x86
		Release|Any CPU = Release|Any CPU
		Release|Mixed Platforms = Release|Mixed Platforms
		Release|Win32 = Release|Win32
		Release|x64 = Release|x64
		Release|x86 = Release|x86
	EndGlobalSection
	GlobalSection(ProjectConfigurationPlatforms) = postSolution
		{D2929585-3BCA-4F7B-BDBD-468D09D45E3E}.Debug|Any CPU.ActiveCfg = Debug|x64
		{D2929585-3BCA-4F7B-BDBD-468D09D45E3E}.Debug|Mixed Platforms.ActiveCfg = Debug|x64
		{D2929585-3BCA-4F7B-BDBD-468D09D45E3E}.Debug|Mixed Platforms.Build.0 = Debug|x64
		{D2929585-3BCA-4F7B-BDBD-468D09D45E3E}.Debug|Win32.ActiveCfg = Debug|x64
		{D2929585-3BCA-4F7B-BDBD-468D09D45E3E}.Debug|x64.ActiveCfg = Debug|x64
		{D2929585-3BCA-4F7B-BDBD-468D09D45E3E}.Debug|x64.Build.0 = Debug|x64
		{D2929585-3BCA-4F7B-BDBD-468D09D45E3E}.Debug|x86.ActiveCfg = Debug|x64
		{D2929585-3BCA-4F7B-BDBD-468D09D45E3E}.Release|Any CPU.ActiveCfg = Release|x64
		{D2929585-3BCA-4F7B-BDBD-468D09D45E3E}.Release|Mixed Platforms.ActiveCfg = Release|x64
		{D2929585-3BCA-4F7B-BDBD-468D09D45E3E}.Release|Win32.ActiveCfg = Release|x64
		{D2929585-3BCA-4F7B-BDBD-468D09D45E3E}.Release|x64.ActiveCfg = Release|x64
		{D2929585-3BCA-4F7B-BDBD-468D09D45E3E}.Release|x64.Build.0 = Release|x64
		{D2929585-3BCA-4F7B-BDBD-468D09D45E3E}.Release|x86.ActiveCfg = Release|x64
		{F5D826B5-A652-4C45-9FFD-E8446B9010DA}.Debug|Any CPU.ActiveCfg = Debug|x86
		{F5D826B5-A652-4C45-9FFD-E8446B9010DA}.Debug|Mixed Platforms.ActiveCfg = Debug|x64
		{F5D826B5-A652-4C45-9FFD-E8446B9010DA}.Debug|Mixed Platforms.Build.0 = Debug|x64
		{F5D826B5-A652-4C45-9FFD-E8446B9010DA}.Debug|Win32.ActiveCfg = Debug|x86
		{F5D826B5-A652-4C45-9FFD-E8446B9010DA}.Debug|x64.ActiveCfg = Debug|x64
		{F5D826B5-A652-4C45-9FFD-E8446B9010DA}.Debug|x64.Build.0 = Debug|x64
		{F5D826B5-A652-4C45-9FFD-E8446B9010DA}.Debug|x86.ActiveCfg = Debug|x86
		{F5D826B5-A652-4C45-9FFD-E8446B9010DA}.Debug|x86.Build.0 = Debug|x86
		{F5D826B5-A652-4C45-9FFD-E8446B9010DA}.Release|Any CPU.ActiveCfg = Release|x86
		{F5D826B5-A652-4C45-9FFD-E8446B9010DA}.Release|Mixed Platforms.ActiveCfg = Release|x64
		{F5D826B5-A652-4C45-9FFD-E8446B9010DA}.Release|Mixed Platforms.Build.0 = Release|x64
		{F5D826B5-A652-4C45-9FFD-E8446B9010DA}.Release|Win32.ActiveCfg = Release|x86
		{F5D826B5-A652-4C45-9FFD-E8446B9010DA}.Release|x64.ActiveCfg = Release|x64
		{F5D826B5-A652-4C45-9FFD-E8446B9010DA}.Release|x64.Build.0 = Release|x64
		{F5D826B5-A652-4C45-9FFD-E8446B9010DA}.Release|x86.ActiveCfg = Release|x86
		{F5D826B5-A652-4C45-9FFD-E8446B9010DA}.Release|x86.Build.0 = Release|x86
		{5A2F6A04-592D-4FD1-AAF5-E22445F7AA41}.Debug|Any CPU.ActiveCfg = Debug|x86
		{5A2F6A04-592D-4FD1-AAF5-E22445F7AA41}.Debug|Mixed Platforms.ActiveCfg = Debug|x64
		{5A2F6A04-592D-4FD1-AAF5-E22445F7AA41}.Debug|Mixed Platforms.Build.0 = Debug|x64
		{5A2F6A04-592D-4FD1-AAF5-E22445F7AA41}.Debug|Win32.ActiveCfg = Debug|x86
		{5A2F6A04-592D-4FD1-AAF5-E22445F7AA41}.Debug|x64.ActiveCfg = Debug|x64
		{5A2F6A04-592D-4FD1-AAF5-E22445F7AA41}.Debug|x64.Build.0 = Debug|x64
		{5A2F6A04-592D-4FD1-AAF5-E22445F7AA41}.Debug|x86.ActiveCfg = Debug|x86
		{5A2F6A04-592D-4FD1-AAF5-E22445F7AA41}.Debug|x86.Build.0 = Debug|x86
		{5A2F6A04-592D-4FD1-AAF5-E22445F7AA41}.Release|Any CPU.ActiveCfg = Release|x86
		{5A2F6A04-592D-4FD1-AAF5-E22445F7AA41}.Release|Mixed Platforms.ActiveCfg = Release|x64
		{5A2F6A04-592D-4FD1-AAF5-E22445F7AA41}.Release|Mixed Platforms.Build.0 = Release|x64
		{5A2F6A04-592D-4FD1-AAF5-E22445F7AA41}.Release|Win32.ActiveCfg = Release|x86
		{5A2F6A04-592D-4FD1-AAF5-E22445F7AA41}.Release|x64.ActiveCfg = Release|x64
		{5A2F6A04-592D-4FD1-AAF5-E22445F7AA41}.Release|x64.Build.0 = Release|x64
		{5A2F6A04-592D-4FD1-AAF5-E22445F7AA41}.Release|x86.ActiveCfg = Release|x86
		{5A2F6A04-592D-4FD1-AAF5-E22445F7AA41}.Release|x86.Build.0 = Release|x86
		{A9DE8F50-B55F-419E-AF79-0DF3512CDDAF}.Debug|Any CPU.ActiveCfg = Debug|x86
		{A9DE8F50-B55F-419E-AF79-0DF3512CDDAF}.Debug|Mixed Platforms.ActiveCfg = Debug|x64
		{A9DE8F50-B55F-419E-AF79-0DF3512CDDAF}.Debug|Mixed Platforms.Build.0 = Debug|x64
		{A9DE8F50-B55F-419E-AF79-0DF3512CDDAF}.Debug|Win32.ActiveCfg = Debug|x86
		{A9DE8F50-B55F-419E-AF79-0DF3512CDDAF}.Debug|x64.ActiveCfg = Debug|x64
		{A9DE8F50-B55F-419E-AF79-0DF3512CDDAF}.Debug|x64.Build.0 = Debug|x64
		{A9DE8F50-B55F-419E-AF79-0DF3512CDDAF}.Debug|x86.ActiveCfg = Debug|x86
		{A9DE8F50-B55F-419E-AF79-0DF3512CDDAF}.Debug|x86.Build.0 = Debug|x86
		{A9DE8F50-B55F-419E-AF79-0DF3512CDDAF}.Release|Any CPU.ActiveCfg = Release|x86
		{A9DE8F50-B55F-419E-AF79-0DF3512CDDAF}.Release|Mixed Platforms.ActiveCfg = Release|x64
		{A9DE8F50-B55F-419E-AF79-0DF3512CDDAF}.Release|Mixed Platforms.Build.0 = Release|x64
		{A9DE8F50-B55F-419E-AF79-0DF3512CDDAF}.Release|Win32.ActiveCfg = Release|x86
		{A9DE8F50-B55F-419E-AF79-0DF3512CDDAF}.Release|x64.ActiveCfg = Release|x64
		{A9DE8F50-B55F-419E-AF79-0DF3512CDDAF}.Release|x64.Build.0 = Release|x64
		{A9DE8F50-B55F-419E-AF79-0DF3512CDDAF}.Release|x86.ActiveCfg = Release|x86
		{A9DE8F50-B55F-419E-AF79-0DF3512CDDAF}.Release|x86.Build.0 = Release|x86
		{689CEE6D-D432-425C-B278-12D0279D0BDA}.Debug|Any CPU.ActiveCfg = Debug|x64
		{689CEE6D-D432-425C-B278-12D0279D0BDA}.Debug|Mixed Platforms.ActiveCfg = Debug|x64
		{689CEE6D-D432-425C-B278-12D0279D0BDA}.Debug|Mixed Platforms.Build.0 = Debug|x64
		{689CEE6D-D432-425C-B278-12D0279D0BDA}.Debug|Win32.ActiveCfg = Debug|x64
		{689CEE6D-D432-425C-B278-12D0279D0BDA}.Debug|x64.ActiveCfg = Debug|x64
		{689CEE6D-D432-425C-B278-12D0279D0BDA}.Debug|x64.Build.0 = Debug|x64
		{689CEE6D-D432-425C-B278-12D0279D0BDA}.Debug|x86.ActiveCfg = Debug|x64
		{689CEE6D-D432-425C-B278-12D0279D0BDA}.Release|Any CPU.ActiveCfg = Release|x64
		{689CEE6D-D432-425C-B278-12D0279D0BDA}.Release|Mixed Platforms.ActiveCfg = Release|x64
		{689CEE6D-D432-425C-B278-12D0279D0BDA}.Release|Win32.ActiveCfg = Release|x64
		{689CEE6D-D432-425C-B278-12D0279D0BDA}.Release|x64.ActiveCfg = Release|x64
		{689CEE6D-D432-425C-B278-12D0279D0BDA}.Release|x64.Build.0 = Release|x64
		{689CEE6D-D432-425C-B278-12D0279D0BDA}.Release|x86.ActiveCfg = Release|x64
		{689CEE6D-D432-425C-B278-12D0279D0BDB}.Debug|Any CPU.ActiveCfg = Debug|x86
		{689CEE6D-D432-425C-B278-12D0279D0BDB}.Debug|Mixed Platforms.ActiveCfg = Debug|x86
		{689CEE6D-D432-425C-B278-12D0279D0BDB}.Debug|Mixed Platforms.Build.0 = Debug|x86
		{689CEE6D-D432-425C-B278-12D0279D0BDB}.Debug|Win32.ActiveCfg = Debug|x86
		{689CEE6D-D432-425C-B278-12D0279D0BDB}.Debug|x64.ActiveCfg = Debug|x86
		{689CEE6D-D432-425C-B278-12D0279D0BDB}.Debug|x86.ActiveCfg = Debug|x86
		{689CEE6D-D432-425C-B278-12D0279D0BDB}.Debug|x86.Build.0 = Debug|x86
		{689CEE6D-D432-425C-B278-12D0279D0BDB}.Release|Any CPU.ActiveCfg = Release|x86
		{689CEE6D-D432-425C-B278-12D0279D0BDB}.Release|Mixed Platforms.ActiveCfg = Release|x86
		{689CEE6D-D432-425C-B278-12D0279D0BDB}.Release|Win32.ActiveCfg = Release|x86
		{689CEE6D-D432-425C-B278-12D0279D0BDB}.Release|x64.ActiveCfg = Release|x86
		{689CEE6D-D432-425C-B278-12D0279D0BDB}.Release|x86.ActiveCfg = Release|x86
		{689CEE6D-D432-425C-B278-12D0279D0BDB}.Release|x86.Build.0 = Release|x86
		{6DB615F2-F201-4963-9128-DD3CF551F725}.Debug|Any CPU.ActiveCfg = Debug|x86
		{6DB615F2-F201-4963-9128-DD3CF551F725}.Debug|Mixed Platforms.ActiveCfg = Debug|x64
		{6DB615F2-F201-4963-9128-DD3CF551F725}.Debug|Mixed Platforms.Build.0 = Debug|x64
		{6DB615F2-F201-4963-9128-DD3CF551F725}.Debug|Win32.ActiveCfg = Debug|x86
		{6DB615F2-F201-4963-9128-DD3CF551F725}.Debug|x64.ActiveCfg = Debug|x64
		{6DB615F2-F201-4963-9128-DD3CF551F725}.Debug|x64.Build.0 = Debug|x64
		{6DB615F2-F201-4963-9128-DD3CF551F725}.Debug|x86.ActiveCfg = Debug|x86
		{6DB615F2-F201-4963-9128-DD3CF551F725}.Debug|x86.Build.0 = Debug|x86
		{6DB615F2-F201-4963-9128-DD3CF551F725}.Release|Any CPU.ActiveCfg = Release|x86
		{6DB615F2-F201-4963-9128-DD3CF551F725}.Release|Mixed Platforms.ActiveCfg = Release|x64
		{6DB615F2-F201-4963-9128-DD3CF551F725}.Release|Mixed Platforms.Build.0 = Release|x64
		{6DB615F2-F201-4963-9128-DD3CF551F725}.Release|Win32.ActiveCfg = Release|x86
		{6DB615F2-F201-4963-9128-DD3CF551F725}.Release|x64.ActiveCfg = Release|x64
		{6DB615F2-F201-4963-9128-DD3CF551F725}.Release|x64.Build.0 = Release|x64
		{6DB615F2-F201-4963-9128-DD3CF551F725}.Release|x86.ActiveCfg = Release|x86
		{6DB615F2-F201-4963-9128-DD3CF551F725}.Release|x86.Build.0 = Release|x86
		{FD1C57D0-9361-4240-90F2-B76E70DB3CBE}.Debug|Any CPU.ActiveCfg = Debug|x86
		{FD1C57D0-9361-4240-90F2-B76E70DB3CBE}.Debug|Mixed Platforms.ActiveCfg = Debug|x64
		{FD1C57D0-9361-4240-90F2-B76E70DB3CBE}.Debug|Mixed Platforms.Build.0 = Debug|x64
		{FD1C57D0-9361-4240-90F2-B76E70DB3CBE}.Debug|Win32.ActiveCfg = Debug|x86
		{FD1C57D0-9361-4240-90F2-B76E70DB3CBE}.Debug|x64.ActiveCfg = Debug|x64
		{FD1C57D0-9361-4240-90F2-B76E70DB3CBE}.Debug|x64.Build.0 = Debug|x64
		{FD1C57D0-9361-4240-90F2-B76E70DB3CBE}.Debug|x86.ActiveCfg = Debug|x86
		{FD1C57D0-9361-4240-90F2-B76E70DB3CBE}.Debug|x86.Build.0 = Debug|x86
		{FD1C57D0-9361-4240-90F2-B76E70DB3CBE}.Release|Any CPU.ActiveCfg = Release|x86
		{FD1C57D0-9361-4240-90F2-B76E70DB3CBE}.Release|Mixed Platforms.ActiveCfg = Release|x64
		{FD1C57D0-9361-4240-90F2-B76E70DB3CBE}.Release|Mixed Platforms.Build.0 = Release|x64
		{FD1C57D0-9361-4240-90F2-B76E70DB3CBE}.Release|Win32.ActiveCfg = Release|x86
		{FD1C57D0-9361-4240-90F2-B76E70DB3CBE}.Release|x64.ActiveCfg = Release|x64
		{FD1C57D0-9361-4240-90F2-B76E70DB3CBE}.Release|x64.Build.0 = Release|x64
		{FD1C57D0-9361-4240-90F2-B76E70DB3CBE}.Release|x86.ActiveCfg = Release|x86
		{FD1C57D0-9361-4240-90F2-B76E70DB3CBE}.Release|x86.Build.0 = Release|x86
		{9E92E015-5BBD-4FEC-8D88-F4ED392E3065}.Debug|Any CPU.ActiveCfg = Debug|x86
		{9E92E015-5BBD-4FEC-8D88-F4ED392E3065}.Debug|Mixed Platforms.ActiveCfg = Debug|x64
		{9E92E015-5BBD-4FEC-8D88-F4ED392E3065}.Debug|Mixed Platforms.Build.0 = Debug|x64
		{9E92E015-5BBD-4FEC-8D88-F4ED392E3065}.Debug|Win32.ActiveCfg = Debug|x86
		{9E92E015-5BBD-4FEC-8D88-F4ED392E3065}.Debug|x64.ActiveCfg = Debug|x64
		{9E92E015-5BBD-4FEC-8D88-F4ED392E3065}.Debug|x64.Build.0 = Debug|x64
		{9E92E015-5BBD-4FEC-8D88-F4ED392E3065}.Debug|x86.ActiveCfg = Debug|x86
		{9E92E015-5BBD-4FEC-8D88-F4ED392E3065}.Debug|x86.Build.0 = Debug|x86
		{9E92E015-5BBD-4FEC-8D88-F4ED392E3065}.Release|Any CPU.ActiveCfg = Release|x86
		{9E92E015-5BBD-4FEC-8D88-F4ED392E3065}.Release|Mixed Platforms.ActiveCfg = Release|x64
		{9E92E015-5BBD-4FEC-8D88-F4ED392E3065}.Release|Mixed Platforms.Build.0 = Release|x64
		{9E92E015-5BBD-4FEC-8D88-F4ED392E3065}.Release|Win32.ActiveCfg = Release|x86
		{9E92E015-5BBD-4FEC-8D88-F4ED392E3065}.Release|x64.ActiveCfg = Release|x64
		{9E92E015-5BBD-4FEC-8D88-F4ED392E3065}.Release|x64.Build.0 = Release|x64
		{9E92E015-5BBD-4FEC-8D88-F4ED392E3065}.Release|x86.ActiveCfg = Release|x86
		{9E92E015-5BBD-4FEC-8D88-F4ED392E3065}.Release|x86.Build.0 = Release|x86
		{AFAA63AD-D563-45A2-8F0C-1A28073FA135}.Debug|Any CPU.ActiveCfg = Debug|x64
		{AFAA63AD-D563-45A2-8F0C-1A28073FA135}.Debug|Mixed Platforms.ActiveCfg = Debug|x64
		{AFAA63AD-D563-45A2-8F0C-1A28073FA135}.Debug|Mixed Platforms.Build.0 = Debug|x64
		{AFAA63AD-D563-45A2-8F0C-1A28073FA135}.Debug|Win32.ActiveCfg = Debug|x64
		{AFAA63AD-D563-45A2-8F0C-1A28073FA135}.Debug|x64.ActiveCfg = Debug|x64
		{AFAA63AD-D563-45A2-8F0C-1A28073FA135}.Debug|x64.Build.0 = Debug|x64
		{AFAA63AD-D563-45A2-8F0C-1A28073FA135}.Debug|x86.ActiveCfg = Debug|x64
		{AFAA63AD-D563-45A2-8F0C-1A28073FA135}.Release|Any CPU.ActiveCfg = Release|x64
		{AFAA63AD-D563-45A2-8F0C-1A28073FA135}.Release|Mixed Platforms.ActiveCfg = Release|x64
		{AFAA63AD-D563-45A2-8F0C-1A28073FA135}.Release|Win32.ActiveCfg = Release|x64
		{AFAA63AD-D563-45A2-8F0C-1A28073FA135}.Release|x64.ActiveCfg = Release|x64
		{AFAA63AD-D563-45A2-8F0C-1A28073FA135}.Release|x64.Build.0 = Release|x64
		{AFAA63AD-D563-45A2-8F0C-1A28073FA135}.Release|x86.ActiveCfg = Release|x64
		{FFCC6AB4-C32E-4A48-8674-2FC68141016D}.Debug|Any CPU.ActiveCfg = Debug|x86
		{FFCC6AB4-C32E-4A48-8674-2FC68141016D}.Debug|Mixed Platforms.ActiveCfg = Debug|x86
		{FFCC6AB4-C32E-4A48-8674-2FC68141016D}.Debug|Mixed Platforms.Build.0 = Debug|x86
		{FFCC6AB4-C32E-4A48-8674-2FC68141016D}.Debug|Win32.ActiveCfg = Debug|x86
		{FFCC6AB4-C32E-4A48-8674-2FC68141016D}.Debug|x64.ActiveCfg = Debug|x86
		{FFCC6AB4-C32E-4A48-8674-2FC68141016D}.Debug|x86.ActiveCfg = Debug|x86
		{FFCC6AB4-C32E-4A48-8674-2FC68141016D}.Debug|x86.Build.0 = Debug|x86
		{FFCC6AB4-C32E-4A48-8674-2FC68141016D}.Release|Any CPU.ActiveCfg = Release|x86
		{FFCC6AB4-C32E-4A48-8674-2FC68141016D}.Release|Mixed Platforms.ActiveCfg = Release|x86
		{FFCC6AB4-C32E-4A48-8674-2FC68141016D}.Release|Win32.ActiveCfg = Release|x86
		{FFCC6AB4-C32E-4A48-8674-2FC68141016D}.Release|x64.ActiveCfg = Release|x86
		{FFCC6AB4-C32E-4A48-8674-2FC68141016D}.Release|x86.ActiveCfg = Release|x86
		{FFCC6AB4-C32E-4A48-8674-2FC68141016D}.Release|x86.Build.0 = Release|x86
		{2AA469D8-ECBC-462B-B6D4-00BDA0973378}.Debug|Any CPU.ActiveCfg = Debug|Any CPU
		{2AA469D8-ECBC-462B-B6D4-00BDA0973378}.Debug|Any CPU.Build.0 = Debug|Any CPU
		{2AA469D8-ECBC-462B-B6D4-00BDA0973378}.Debug|Mixed Platforms.ActiveCfg = Debug|Any CPU
		{2AA469D8-ECBC-462B-B6D4-00BDA0973378}.Debug|Mixed Platforms.Build.0 = Debug|Any CPU
		{2AA469D8-ECBC-462B-B6D4-00BDA0973378}.Debug|Win32.ActiveCfg = Debug|Any CPU
		{2AA469D8-ECBC-462B-B6D4-00BDA0973378}.Debug|x64.ActiveCfg = Debug|Any CPU
		{2AA469D8-ECBC-462B-B6D4-00BDA0973378}.Debug|x86.ActiveCfg = Debug|Any CPU
		{2AA469D8-ECBC-462B-B6D4-00BDA0973378}.Release|Any CPU.ActiveCfg = Release|Any CPU
		{2AA469D8-ECBC-462B-B6D4-00BDA0973378}.Release|Any CPU.Build.0 = Release|Any CPU
		{2AA469D8-ECBC-462B-B6D4-00BDA0973378}.Release|Mixed Platforms.ActiveCfg = Release|Any CPU
		{2AA469D8-ECBC-462B-B6D4-00BDA0973378}.Release|Win32.ActiveCfg = Release|Any CPU
		{2AA469D8-ECBC-462B-B6D4-00BDA0973378}.Release|x64.ActiveCfg = Release|Any CPU
		{2AA469D8-ECBC-462B-B6D4-00BDA0973378}.Release|x86.ActiveCfg = Release|Any CPU
		{D766FBC6-3742-4D23-9100-3B543796BFD5}.Debug|Any CPU.ActiveCfg = Debug|x86
		{D766FBC6-3742-4D23-9100-3B543796BFD5}.Debug|Mixed Platforms.ActiveCfg = Debug|x86
		{D766FBC6-3742-4D23-9100-3B543796BFD5}.Debug|Mixed Platforms.Build.0 = Debug|x86
		{D766FBC6-3742-4D23-9100-3B543796BFD5}.Debug|Win32.ActiveCfg = Debug|x86
		{D766FBC6-3742-4D23-9100-3B543796BFD5}.Debug|x64.ActiveCfg = Debug|x64
		{D766FBC6-3742-4D23-9100-3B543796BFD5}.Debug|x64.Build.0 = Debug|x64
		{D766FBC6-3742-4D23-9100-3B543796BFD5}.Debug|x86.ActiveCfg = Debug|x86
		{D766FBC6-3742-4D23-9100-3B543796BFD5}.Debug|x86.Build.0 = Debug|x86
		{D766FBC6-3742-4D23-9100-3B543796BFD5}.Release|Any CPU.ActiveCfg = Release|x86
		{D766FBC6-3742-4D23-9100-3B543796BFD5}.Release|Mixed Platforms.ActiveCfg = Release|x64
		{D766FBC6-3742-4D23-9100-3B543796BFD5}.Release|Mixed Platforms.Build.0 = Release|x64
		{D766FBC6-3742-4D23-9100-3B543796BFD5}.Release|Win32.ActiveCfg = Release|x86
		{D766FBC6-3742-4D23-9100-3B543796BFD5}.Release|x64.ActiveCfg = Release|x64
		{D766FBC6-3742-4D23-9100-3B543796BFD5}.Release|x64.Build.0 = Release|x64
		{D766FBC6-3742-4D23-9100-3B543796BFD5}.Release|x86.ActiveCfg = Release|x86
		{D766FBC6-3742-4D23-9100-3B543796BFD5}.Release|x86.Build.0 = Release|x86
		{4E1A4BB3-64BD-4D54-83D5-0082F222CF23}.Debug|Any CPU.ActiveCfg = Debug|x64
		{4E1A4BB3-64BD-4D54-83D5-0082F222CF23}.Debug|Mixed Platforms.ActiveCfg = Debug|x64
		{4E1A4BB3-64BD-4D54-83D5-0082F222CF23}.Debug|Mixed Platforms.Build.0 = Debug|x64
		{4E1A4BB3-64BD-4D54-83D5-0082F222CF23}.Debug|Win32.ActiveCfg = Debug|Win32
		{4E1A4BB3-64BD-4D54-83D5-0082F222CF23}.Debug|Win32.Build.0 = Debug|Win32
		{4E1A4BB3-64BD-4D54-83D5-0082F222CF23}.Debug|x64.ActiveCfg = Debug|x64
		{4E1A4BB3-64BD-4D54-83D5-0082F222CF23}.Debug|x64.Build.0 = Debug|x64
		{4E1A4BB3-64BD-4D54-83D5-0082F222CF23}.Debug|x86.ActiveCfg = Debug|x64
		{4E1A4BB3-64BD-4D54-83D5-0082F222CF23}.Release|Any CPU.ActiveCfg = Release|x64
		{4E1A4BB3-64BD-4D54-83D5-0082F222CF23}.Release|Mixed Platforms.ActiveCfg = Release|x64
		{4E1A4BB3-64BD-4D54-83D5-0082F222CF23}.Release|Mixed Platforms.Build.0 = Release|x64
		{4E1A4BB3-64BD-4D54-83D5-0082F222CF23}.Release|Win32.ActiveCfg = Release|Win32
		{4E1A4BB3-64BD-4D54-83D5-0082F222CF23}.Release|Win32.Build.0 = Release|Win32
		{4E1A4BB3-64BD-4D54-83D5-0082F222CF23}.Release|x64.ActiveCfg = Release|x64
		{4E1A4BB3-64BD-4D54-83D5-0082F222CF23}.Release|x64.Build.0 = Release|x64
		{4E1A4BB3-64BD-4D54-83D5-0082F222CF23}.Release|x86.ActiveCfg = Release|x64
	EndGlobalSection
	GlobalSection(SolutionProperties) = preSolution
		HideSolutionNode = FALSE
	EndGlobalSection
	GlobalSection(ExtensibilityGlobals) = postSolution
		SolutionGuid = {05741238-EFA6-4E40-86D8-B4133B0A4BD3}
	EndGlobalSection
EndGlobal
